
Microsoft Visual Studio Solution File, Format Version 12.00
# Visual Studio Version 17
VisualStudioVersion = 17.8.34330.188
MinimumVisualStudioVersion = 10.0.40219.1
Project("{FAE04EC0-301F-11D3-BF4B-00C04F79EFBC}") = "BlazorPeliculas.Server", "Server\BlazorPeliculas.Server.csproj", "{876A0D0B-365A-40B5-931E-1D823CA55BB0}"
EndProject
Project("{FAE04EC0-301F-11D3-BF4B-00C04F79EFBC}") = "BlazorPeliculas.Client", "Client\BlazorPeliculas.Client.csproj", "{498EF03F-A744-455E-9B11-E2EF5620A93B}"
EndProject
Project("{FAE04EC0-301F-11D3-BF4B-00C04F79EFBC}") = "BlazorPeliculas.Shared", "Shared\BlazorPeliculas.Shared.csproj", "{A991855F-6AF8-4BAA-8BCA-D856E0985867}"
EndProject
Global
	GlobalSection(SolutionConfigurationPlatforms) = preSolution
		Debug|Any CPU = Debug|Any CPU
		Release|Any CPU = Release|Any CPU
	EndGlobalSection
	GlobalSection(ProjectConfigurationPlatforms) = postSolution
		{876A0D0B-365A-40B5-931E-1D823CA55BB0}.Debug|Any CPU.ActiveCfg = Debug|Any CPU
		{876A0D0B-365A-40B5-931E-1D823CA55BB0}.Debug|Any CPU.Build.0 = Debug|Any CPU
		{876A0D0B-365A-40B5-931E-1D823CA55BB0}.Release|Any CPU.ActiveCfg = Release|Any CPU
		{876A0D0B-365A-40B5-931E-1D823CA55BB0}.Release|Any CPU.Build.0 = Release|Any CPU
		{498EF03F-A744-455E-9B11-E2EF5620A93B}.Debug|Any CPU.ActiveCfg = Debug|Any CPU
		{498EF03F-A744-455E-9B11-E2EF5620A93B}.Debug|Any CPU.Build.0 = Debug|Any CPU
		{498EF03F-A744-455E-9B11-E2EF5620A93B}.Release|Any CPU.ActiveCfg = Release|Any CPU
		{498EF03F-A744-455E-9B11-E2EF5620A93B}.Release|Any CPU.Build.0 = Release|Any CPU
		{A991855F-6AF8-4BAA-8BCA-D856E0985867}.Debug|Any CPU.ActiveCfg = Debug|Any CPU
		{A991855F-6AF8-4BAA-8BCA-D856E0985867}.Debug|Any CPU.Build.0 = Debug|Any CPU
		{A991855F-6AF8-4BAA-8BCA-D856E0985867}.Release|Any CPU.ActiveCfg = Release|Any CPU
		{A991855F-6AF8-4BAA-8BCA-D856E0985867}.Release|Any CPU.Build.0 = Release|Any CPU
	EndGlobalSection
	GlobalSection(SolutionProperties) = preSolution
		HideSolutionNode = FALSE
	EndGlobalSection
	GlobalSection(ExtensibilityGlobals) = postSolution
		SolutionGuid = {4CF1B07E-83E5-4DC3-ABFA-F960DA983D6A}
	EndGlobalSection
EndGlobal
